
Microsoft Visual Studio Solution File, Format Version 12.00
# Visual Studio 15
VisualStudioVersion = 15.0.27004.2005
MinimumVisualStudioVersion = 10.0.40219.1
Project("{9A19103F-16F7-4668-BE54-9A1E7A4F7556}") = "Bootstrap4", "Bootstrap4.csproj", "{4BEE9204-8139-417C-BA51-07E84E732B5A}"
EndProject
Global
	GlobalSection(SolutionConfigurationPlatforms) = preSolution
		Debug|Any CPU = Debug|Any CPU
		Release|Any CPU = Release|Any CPU
	EndGlobalSection
	GlobalSection(ProjectConfigurationPlatforms) = postSolution
		{4BEE9204-8139-417C-BA51-07E84E732B5A}.Debug|Any CPU.ActiveCfg = Debug|Any CPU
		{4BEE9204-8139-417C-BA51-07E84E732B5A}.Debug|Any CPU.Build.0 = Debug|Any CPU
		{4BEE9204-8139-417C-BA51-07E84E732B5A}.Release|Any CPU.ActiveCfg = Release|Any CPU
		{4BEE9204-8139-417C-BA51-07E84E732B5A}.Release|Any CPU.Build.0 = Release|Any CPU
	EndGlobalSection
	GlobalSection(SolutionProperties) = preSolution
		HideSolutionNode = FALSE
	EndGlobalSection
	GlobalSection(ExtensibilityGlobals) = postSolution
		SolutionGuid = {B284A30D-7EBC-43D2-A41D-5495B7F5C9CB}
	EndGlobalSection
EndGlobal
